# This file is automatically @generated by Cargo.
# It is not intended for manual editing.
version = 4

[[package]]
name = "adler2"
version = "2.0.1"
source = "registry+https://github.com/rust-lang/crates.io-index"
checksum = "320119579fcad9c21884f5c4861d16174d0e06250625266f50fe6898340abefa"

[[package]]
name = "allocator-api2"
version = "0.2.21"
source = "registry+https://github.com/rust-lang/crates.io-index"
checksum = "683d7910e743518b0e34f1186f92494becacb047c7b6bf616c96772180fef923"

[[package]]
name = "am-fs-core"
version = "0.2.10"

[[package]]
name = "am-fs-squashfs"
version = "0.1.5"
dependencies = [
 "am-fs-core",
 "am-lzo1x",
 "flate2",
 "lru",
 "lz4_flex",
 "lzma-rs",
 "ruzstd",
]

[[package]]
name = "am-lzo1x"
version = "0.1.2"
source = "registry+https://github.com/rust-lang/crates.io-index"
checksum = "afeed3f997dd51cba5185a0a6bbb08c4307278e48a917ecb7a71ef8183dacd54"

[[package]]
name = "arbitrary"
version = "1.4.2"
source = "registry+https://github.com/rust-lang/crates.io-index"
checksum = "c3d036a3c4ab069c7b410a2ce876bd74808d2d0888a82667669f8e783a898bf1"

[[package]]
name = "byteorder"
version = "1.5.0"
source = "registry+https://github.com/rust-lang/crates.io-index"
checksum = "1fd0f2584146f6f2ef48085050886acf353beff7305ebd1ae69500e27c67f64b"

[[package]]
name = "cc"
version = "1.4.7"
source = "registry+https://github.com/rust-lang/crates.io-index"
checksum = "54413ede23c2daf518f35156dfde027feb2374004d63bd497f983c8db9c0e313"
dependencies = [
 "find-msvc-tools",
 "jobserver",
 "libc",
 "shlex",
]

[[package]]
name = "cfg-if"
version = "1.0.5"
source = "registry+https://github.com/rust-lang/crates.io-index"
checksum = "4e7648175b45a9a48536d676f68d918270699102aa8dab5496df06904c914600"

[[package]]
name = "crc"
version = "3.4.0"
source = "registry+https://github.com/rust-lang/crates.io-index"
checksum = "5eb8a2a1cd12ab0d987a5d5e825195d372001a4094a0376319d5a0ad71c1ba0d"
dependencies = [
 "crc-catalog",
]

[[package]]
name = "crc-catalog"
version = "2.5.0"
source = "registry+https://github.com/rust-lang/crates.io-index"
checksum = "217698eaf96b4a3f0bc4f3662aaa55bdf913cd54d7204591faa790070c6d0853"

[[package]]
name = "crc32fast"
version = "1.5.2"
source = "registry+https://github.com/rust-lang/crates.io-index"
checksum = "01a7799fd6b852db0e61728dde9a204c423b44d689dbd432522543614b490e78"
dependencies = [
 "cfg-if",
]

[[package]]
name = "equivalent"
version = "1.0.2"
source = "registry+https://github.com/rust-lang/crates.io-index"
checksum = "877a4ace8713b0bcf2a4e7eec82529c029f1d0619886d18145fea96c3ffe5c0f"

[[package]]
name = "find-msvc-tools"
version = "0.1.13"
source = "registry+https://github.com/rust-lang/crates.io-index"
checksum = "ef25905e51abafe4dcea6c15fec58c57b601cdbd0ee53d22ea1d3016c587d39b"

[[package]]
name = "flate2"
version = "1.1.10"
source = "registry+https://github.com/rust-lang/crates.io-index"
checksum = "6e634e2e0ebac1ee034020da1ca582e17ffe4e0f5e985823721e168928136dcb"
dependencies = [
 "crc32fast",
 "miniz_oxide",
]

[[package]]
name = "foldhash"
version = "0.1.5"
source = "registry+https://github.com/rust-lang/crates.io-index"
checksum = "d9c4f5dac5e15c24eb999c26181a6ca40b39fe946cbe4c263c7209467bc83af2"

[[package]]
name = "fs-squashfs-fuzz"
version = "0.0.0"
dependencies = [
 "am-fs-core",
 "am-fs-squashfs",
 "libfuzzer-sys",
]

[[package]]
name = "getrandom"
version = "0.4.3"
source = "registry+https://github.com/rust-lang/crates.io-index"
checksum = "300e883d756b2e4ec94e02791f39b04b522276138852cfc41d9fb7e904106099"
dependencies = [
 "cfg-if",
 "libc",
 "r-efi",
]

[[package]]
name = "hashbrown"
version = "0.15.5"
source = "registry+https://github.com/rust-lang/crates.io-index"
checksum = "9229cfe53dfd69f0609a49f65461bd93001ea1ef889cd5529dd176593f5338a1"
dependencies = [
 "allocator-api2",
 "equivalent",
 "foldhash",
]

[[package]]
name = "jobserver"
version = "0.1.35"
source = "registry+https://github.com/rust-lang/crates.io-index"
checksum = "1c00acbd29eabad4a2392fa0e921c874934dbbf4194312ad20f04a0ed67a3cb3"
dependencies = [
 "getrandom",
 "libc",
]

[[package]]
name = "libc"
version = "0.2.189"
source = "registry+https://github.com/rust-lang/crates.io-index"
checksum = "3eaf3ede3fee6db1a4c2ee091bf8a8b4dccdc6d17f656fb07896ee72867612f2"

[[package]]
name = "libfuzzer-sys"
version = "0.4.13"
source = "registry+https://github.com/rust-lang/crates.io-index"
checksum = "a9fd2f41a1cba099f79a0b6b6c35656cf7c03351a7bae8ff0f28f25270f929d2"
dependencies = [
 "arbitrary",
 "cc",
]

[[package]]
name = "lru"
version = "0.12.5"
source = "registry+https://github.com/rust-lang/crates.io-index"
checksum = "234cf4f4a04dc1f57e24b96cc0cd600cf2af460d4161ac5ecdd0af8e1f3b2a38"
dependencies = [
 "hashbrown",
]

[[package]]
name = "lz4_flex"
version = "0.11.6"
source = "registry+https://github.com/rust-lang/crates.io-index"
checksum = "373f5eceeeab7925e0c1098212f2fbc4d416adec9d35051a6ab251e824c1854a"

[[package]]
name = "lzma-rs"
version = "0.3.0"
source = "registry+https://github.com/rust-lang/crates.io-index"
checksum = "297e814c836ae64db86b36cf2a557ba54368d03f6afcd7d947c266692f71115e"
dependencies = [
 "byteorder",
 "crc",
]

[[package]]
name = "miniz_oxide"
version = "0.9.1"
source = "registry+https://github.com/rust-lang/crates.io-index"
checksum = "b63fbc4a50860e98e7b2aa7804ded1db5cbc3aff9193adaff57a6931bf7c4b4c"
dependencies = [
 "adler2",
 "simd-adler32",
]

[[package]]
name = "r-efi"
version = "6.0.0"
source = "registry+https://github.com/rust-lang/crates.io-index"
checksum = "f8dcc9c7d52a811697d2151c701e0d08956f92b0e24136cf4cf27b57a6a0d9bf"

[[package]]
name = "ruzstd"
version = "0.8.3"
source = "registry+https://github.com/rust-lang/crates.io-index"
checksum = "a7c1c839d570d835527c9a5e4db7cb2198683a988cb9d7293fc8674e6bd58fc8"
dependencies = [
 "twox-hash",
]

[[package]]
name = "shlex"
version = "2.0.1"
source = "registry+https://github.com/rust-lang/crates.io-index"
checksum = "f8fadd59c855ef2080decdef8ff161eb6661b86933c9d82e5ba29dc602a55aba"

[[package]]
name = "simd-adler32"
version = "0.3.10"
source = "registry+https://github.com/rust-lang/crates.io-index"
checksum = "3a219298ac11a56ea9a6d2120044824d6f01aeb034955e7af7bc16858527deea"

[[package]]
name = "twox-hash"
version = "2.1.4"
source = "registry+https://github.com/rust-lang/crates.io-index"
checksum = "5283634e518fe9e82c7b20520bb4bc209009fd16c82077c802f8111ecbb0117a"
